// !$*UTF8*$!
{
	archiveVersion = 1;
	classes = {
	};
	objectVersion = 46;
	objects = {

/* Begin PBXBuildFile section */
		B0C2F4EB1F6AEED700EE4941 /* AppDelegate.swift in Sources */ = {isa = PBXBuildFile; fileRef = B0C2F4EA1F6AEED700EE4941 /* AppDelegate.swift */; };
		B0C2F4ED1F6AEED700EE4941 /* ViewController.swift in Sources */ = {isa = PBXBuildFile; fileRef = B0C2F4EC1F6AEED700EE4941 /* ViewController.swift */; };
		B0C2F4F01F6AEED700EE4941 /* Main.storyboard in Resources */ = {isa = PBXBuildFile; fileRef = B0C2F4EE1F6AEED700EE4941 /* Main.storyboard */; };
		B0C2F4F21F6AEED700EE4941 /* Assets.xcassets in Resources */ = {isa = PBXBuildFile; fileRef = B0C2F4F11F6AEED700EE4941 /* Assets.xcassets */; };
		B0C2F4F51F6AEED700EE4941 /* LaunchScreen.storyboard in Resources */ = {isa = PBXBuildFile; fileRef = B0C2F4F31F6AEED700EE4941 /* LaunchScreen.storyboard */; };
/* End PBXBuildFile section */

/* Begin PBXFileReference section */
		B0C2F4E71F6AEED700EE4941 /* Dicee.app */ = {isa = PBXFileReference; explicitFileType = wrapper.application; includeInIndex = 0; path = Dicee.app; sourceTree = BUILT_PRODUCTS_DIR; };
		B0C2F4EA1F6AEED700EE4941 /* AppDelegate.swift */ = {isa = PBXFileReference; lastKnownFileType = sourcecode.swift; path = AppDelegate.swift; sourceTree = "<group>"; };
		B0C2F4EC1F6AEED700EE4941 /* ViewController.swift */ = {isa = PBXFileReference; lastKnownFileType = sourcecode.swift; path = ViewController.swift; sourceTree = "<group>"; };
		B0C2F4EF1F6AEED700EE4941 /* Base */ = {isa = PBXFileReference; lastKnownFileType = file.storyboard; name = Base; path = Base.lproj/Main.storyboard; sourceTree = "<group>"; };
		B0C2F4F11F6AEED700EE4941 /* Assets.xcassets */ = {isa = PBXFileReference; lastKnownFileType = folder.assetcatalog; path = Assets.xcassets; sourceTree = "<group>"; };
		B0C2F4F41F6AEED700EE4941 /* Base */ = {isa = PBXFileReference; lastKnownFileType = file.storyboard; name = Base; path = Base.lproj/LaunchScreen.storyboard; sourceTree = "<group>"; };
		B0C2F4F61F6AEED700EE4941 /* Info.plist */ = {isa = PBXFileReference; lastKnownFileType = text.plist.xml; path = Info.plist; sourceTree = "<group>"; };
/* End PBXFileReference section */

/* Begin PBXFrameworksBuildPhase section */
		B0C2F4E41F6AEED700EE4941 /* Frameworks */ = {
			isa = PBXFrameworksBuildPhase;
			buildActionMask = 2147483647;
			files = (
			);
			runOnlyForDeploymentPostprocessing = 0;
		};
/* End PBXFrameworksBuildPhase section */

/* Begin PBXGroup section */
		B0C2F4DE1F6AEED700EE4941 = {
			isa = PBXGroup;
			children = (
				B0C2F4E91F6AEED700EE4941 /* Dicee */,
				B0C2F4E81F6AEED700EE4941 /* Products */,
			);
			sourceTree = "<group>";
		};
		B0C2F4E81F6AEED700EE4941 /* Products */ = {
			isa = PBXGroup;
			children = (
				B0C2F4E71F6AEED700EE4941 /* Dicee.app */,
			);
			name = Products;
			sourceTree = "<group>";
		};
		B0C2F4E91F6AEED700EE4941 /* Dicee */ = {
			isa = PBXGroup;
			children = (
				B0C2F4EA1F6AEED700EE4941 /* AppDelegate.swift */,
				B0C2F4EC1F6AEED700EE4941 /* ViewController.swift */,
				B0C2F4EE1F6AEED700EE4941 /* Main.storyboard */,
				B0C2F4F11F6AEED700EE4941 /* Assets.xcassets */,
				B0C2F4F31F6AEED700EE4941 /* LaunchScreen.storyboard */,
				B0C2F4F61F6AEED700EE4941 /* Info.plist */,
			);
			path = Dicee;
			sourceTree = "<group>";
		};
/* End PBXGroup section */

/* Begin PBXNativeTarget section */
		B0C2F4E61F6AEED700EE4941 /* Dicee */ = {
			isa = PBXNativeTarget;
			buildConfigurationList = B0C2F4F91F6AEED700EE4941 /* Build configuration list for PBXNativeTarget "Dicee" */;
			buildPhases = (
				B0C2F4E31F6AEED700EE4941 /* Sources */,
				B0C2F4E41F6AEED700EE4941 /* Frameworks */,
				B0C2F4E51F6AEED700EE4941 /* Resources */,
			);
			buildRules = (
			);
			dependencies = (
			);
			name = Dicee;
			productName = Dicee;
			productReference = B0C2F4E71F6AEED700EE4941 /* Dicee.app */;
			productType = "com.apple.product-type.application";
		};
/* End PBXNativeTarget section */

/* Begin PBXProject section */
		B0C2F4DF1F6AEED700EE4941 /* Project object */ = {
			isa = PBXProject;
			attributes = {
				LastSwiftUpdateCheck = 0830;
				LastUpgradeCheck = 0830;
				ORGANIZATIONNAME = Tejas;
				TargetAttributes = {
					B0C2F4E61F6AEED700EE4941 = {
						CreatedOnToolsVersion = 8.3.3;
						DevelopmentTeam = N2THX4MD53;
						ProvisioningStyle = Automatic;
					};
				};
			};
			buildConfigurationList = B0C2F4E21F6AEED700EE4941 /* Build configuration list for PBXProject "Dicee" */;
			compatibilityVersion = "Xcode 3.2";
			developmentRegion = English;
			hasScannedForEncodings = 0;
			knownRegions = (
				en,
				Base,
			);
			mainGroup = B0C2F4DE1F6AEED700EE4941;
			productRefGroup = B0C2F4E81F6AEED700EE4941 /* Products */;
			projectDirPath = "";
			projectRoot = "";
			targets = (
				B0C2F4E61F6AEED700EE4941 /* Dicee */,
			);
		};
/* End PBXProject section */

/* Begin PBXResourcesBuildPhase section */
		B0C2F4E51F6AEED700EE4941 /* Resources */ = {
			isa = PBXResourcesBuildPhase;
			buildActionMask = 2147483647;
			files = (
				B0C2F4F51F6AEED700EE4941 /* LaunchScreen.storyboard in Resources */,
				B0C2F4F21F6AEED700EE4941 /* Assets.xcassets in Resources */,
				B0C2F4F01F6AEED700EE4941 /* Main.storyboard in Resources */,
			);
			runOnlyForDeploymentPostprocessing = 0;
		};
/* End PBXResourcesBuildPhase section */

/* Begin PBXSourcesBuildPhase section */
		B0C2F4E31F6AEED700EE4941 /* Sources */ = {
			isa = PBXSourcesBuildPhase;
			buildActionMask = 2147483647;
			files = (
				B0C2F4ED1F6AEED700EE4941 /* ViewController.swift in Sources */,
				B0C2F4EB1F6AEED700EE4941 /* AppDelegate.swift in Sources */,
			);
			runOnlyForDeploymentPostprocessing = 0;
		};
/* End PBXSourcesBuildPhase section */

/* Begin PBXVariantGroup section */
		B0C2F4EE1F6AEED700EE4941 /* Main.storyboard */ = {
			isa = PBXVariantGroup;
			children = (
				B0C2F4EF1F6AEED700EE4941 /* Base */,
			);
			name = Main.storyboard;
			sourceTree = "<group>";
		};
		B0C2F4F31F6AEED700EE4941 /* LaunchScreen.storyboard */ = {
			isa = PBXVariantGroup;
			children = (
				B0C2F4F41F6AEED700EE4941 /* Base */,
			);
			name = LaunchScreen.storyboard;
			sourceTree = "<group>";
		};
/* End PBXVariantGroup section */

/* Begin XCBuildConfiguration section */
		B0C2F4F71F6AEED700EE4941 /* Debug */ = {
			isa = XCBuildConfiguration;
			buildSettings = {
				ALWAYS_SEARCH_USER_PATHS = NO;
				CLANG_ANALYZER_NONNULL = YES;
				CLANG_ANALYZER_NUMBER_OBJECT_CONVERSION = YES_AGGRESSIVE;
				CLANG_CXX_LANGUAGE_STANDARD = "gnu++0x";
				CLANG_CXX_LIBRARY = "libc++";
				CLANG_ENABLE_MODULES = YES;
				CLANG_ENABLE_OBJC_ARC = YES;
				CLANG_WARN_BOOL_CONVERSION = YES;
				CLANG_WARN_CONSTANT_CONVERSION = YES;
				CLANG_WARN_DIRECT_OBJC_ISA_USAGE = YES_ERROR;
				CLANG_WARN_DOCUMENTATION_COMMENTS = YES;
				CLANG_WARN_EMPTY_BODY = YES;
				CLANG_WARN_ENUM_CONVERSION = YES;
				CLANG_WARN_INFINITE_RECURSION = YES;
				CLANG_WARN_INT_CONVERSION = YES;
				CLANG_WARN_OBJC_ROOT_CLASS = YES_ERROR;
				CLANG_WARN_SUSPICIOUS_MOVE = YES;
				CLANG_WARN_UNREACHABLE_CODE = YES;
				CLANG_WARN__DUPLICATE_METHOD_MATCH = YES;
				"CODE_SIGN_IDENTITY[sdk=iphoneos*]" = "iPhone Developer";
				COPY_PHASE_STRIP = NO;
				DEBUG_INFORMATION_FORMAT = dwarf;
				ENABLE_STRICT_OBJC_MSGSEND = YES;
				ENABLE_TESTABILITY = YES;
				GCC_C_LANGUAGE_STANDARD = gnu99;
				GCC_DYNAMIC_NO_PIC = NO;
				GCC_NO_COMMON_BLOCKS = YES;
				GCC_OPTIMIZATION_LEVEL = 0;
				GCC_PREPROCESSOR_DEFINITIONS = (
					"DEBUG=1",
					"$(inherited)",
				);
				GCC_WARN_64_TO_32_BIT_CONVERSION = YES;
				GCC_WARN_ABOUT_RETURN_TYPE = YES_ERROR;
				GCC_WARN_UNDECLARED_SELECTOR = YES;
				GCC_WARN_UNINITIALIZED_AUTOS = YES_AGGRESSIVE;
				GCC_WARN_UNUSED_FUNCTION = YES;
				GCC_WARN_UNUSED_VARIABLE = YES;
				IPHONEOS_DEPLOYMENT_TARGET = 10.3;
				MTL_ENABLE_DEBUG_INFO = YES;
				ONLY_ACTIVE_ARCH = YES;
				SDKROOT = iphoneos;
				SWIFT_ACTIVE_COMPILATION_CONDITIONS = DEBUG;
				SWIFT_OPTIMIZATION_LEVEL = "-Onone";
			};
			name = Debug;
		};
		B0C2F4F81F6AEED700EE4941 /* Release */ = {
			isa = XCBuildConfiguration;
			buildSettings = {
				ALWAYS_SEARCH_USER_PATHS = NO;
				CLANG_ANALYZER_NONNULL = YES;
				CLANG_ANALYZER_NUMBER_OBJECT_CONVERSION = YES_AGGRESSIVE;
				CLANG_CXX_LANGUAGE_STANDARD = "gnu++0x";
				CLANG_CXX_LIBRARY = "libc++";
				CLANG_ENABLE_MODULES = YES;
				CLANG_ENABLE_OBJC_ARC = YES;
				CLANG_WARN_BOOL_CONVERSION = YES;
				CLANG_WARN_CONSTANT_CONVERSION = YES;
				CLANG_WARN_DIRECT_OBJC_ISA_USAGE = YES_ERROR;
				CLANG_WARN_DOCUMENTATION_COMMENTS = YES;
				CLANG_WARN_EMPTY_BODY = YES;
				CLANG_WARN_ENUM_CONVERSION = YES;
				CLANG_WARN_INFINITE_RECURSION = YES;
				CLANG_WARN_INT_CONVERSION = YES;
				CLANG_WARN_OBJC_ROOT_CLASS = YES_ERROR;
				CLANG_WARN_SUSPICIOUS_MOVE = YES;
				CLANG_WARN_UNREACHABLE_CODE = YES;
				CLANG_WARN__DUPLICATE_METHOD_MATCH = YES;
				"CODE_SIGN_IDENTITY[sdk=iphoneos*]" = "iPhone Developer";
				COPY_PHASE_STRIP = NO;
				DEBUG_INFORMATION_FORMAT = "dwarf-with-dsym";
				ENABLE_NS_ASSERTIONS = NO;
				ENABLE_STRICT_OBJC_MSGSEND = YES;
				GCC_C_LANGUAGE_STANDARD = gnu99;
				GCC_NO_COMMON_BLOCKS = YES;
				GCC_WARN_64_TO_32_BIT_CONVERSION = YES;
				GCC_WARN_ABOUT_RETURN_TYPE = YES_ERROR;
				GCC_WARN_UNDECLARED_SELECTOR = YES;
				GCC_WARN_UNINITIALIZED_AUTOS = YES_AGGRESSIVE;
				GCC_WARN_UNUSED_FUNCTION = YES;
				GCC_WARN_UNUSED_VARIABLE = YES;
				IPHONEOS_DEPLOYMENT_TARGET = 10.3;
				MTL_ENABLE_DEBUG_INFO = NO;
				SDKROOT = iphoneos;
				SWIFT_OPTIMIZATION_LEVEL = "-Owholemodule";
				VALIDATE_PRODUCT = YES;
			};
			name = Release;
		};
		B0C2F4FA1F6AEED700EE4941 /* Debug */ = {
			isa = XCBuildConfiguration;
			buildSettings = {
				ASSETCATALOG_COMPILER_APPICON_NAME = AppIcon;
				DEVELOPMENT_TEAM = N2THX4MD53;
				INFOPLIST_FILE = Dicee/Info.plist;
				LD_RUNPATH_SEARCH_PATHS = "$(inherited) @executable_path/Frameworks";
				PRODUCT_BUNDLE_IDENTIFIER = com.tejas.Dicee;
				PRODUCT_NAME = "$(TARGET_NAME)";
				SWIFT_VERSION = 3.0;
			};
			name = Debug;
		};
		B0C2F4FB1F6AEED700EE4941 /* Release */ = {
			isa = XCBuildConfiguration;
			buildSettings = {
				ASSETCATALOG_COMPILER_APPICON_NAME = AppIcon;
				DEVELOPMENT_TEAM = N2THX4MD53;
				INFOPLIST_FILE = Dicee/Info.plist;
				LD_RUNPATH_SEARCH_PATHS = "$(inherited) @executable_path/Frameworks";
				PRODUCT_BUNDLE_IDENTIFIER = com.tejas.Dicee;
				PRODUCT_NAME = "$(TARGET_NAME)";
				SWIFT_VERSION = 3.0;
			};
			name = Release;
		};
/* End XCBuildConfiguration section */

/* Begin XCConfigurationList section */
		B0C2F4E21F6AEED700EE4941 /* Build configuration list for PBXProject "Dicee" */ = {
			isa = XCConfigurationList;
			buildConfigurations = (
				B0C2F4F71F6AEED700EE4941 /* Debug */,
				B0C2F4F81F6AEED700EE4941 /* Release */,
			);
			defaultConfigurationIsVisible = 0;
			defaultConfigurationName = Release;
		};
		B0C2F4F91F6AEED700EE4941 /* Build configuration list for PBXNativeTarget "Dicee" */ = {
			isa = XCConfigurationList;
			buildConfigurations = (
				B0C2F4FA1F6AEED700EE4941 /* Debug */,
				B0C2F4FB1F6AEED700EE4941 /* Release */,
			);
			defaultConfigurationIsVisible = 0;
		};
/* End XCConfigurationList section */
	};
	rootObject = B0C2F4DF1F6AEED700EE4941 /* Project object */;
}
