// !$*UTF8*$!
{
	archiveVersion = 1;
	classes = {
	};
	objectVersion = 46;
	objects = {

/* Begin PBXBuildFile section */
		B07053DE1F220B180099F4AF /* AppDelegate.swift in Sources */ = {isa = PBXBuildFile; fileRef = B07053DD1F220B180099F4AF /* AppDelegate.swift */; };
		B07053E01F220B180099F4AF /* ViewController.swift in Sources */ = {isa = PBXBuildFile; fileRef = B07053DF1F220B180099F4AF /* ViewController.swift */; };
		B07053E31F220B180099F4AF /* Main.storyboard in Resources */ = {isa = PBXBuildFile; fileRef = B07053E11F220B180099F4AF /* Main.storyboard */; };
		B07053E51F220B180099F4AF /* Assets.xcassets in Resources */ = {isa = PBXBuildFile; fileRef = B07053E41F220B180099F4AF /* Assets.xcassets */; };
		B07053E81F220B180099F4AF /* LaunchScreen.storyboard in Resources */ = {isa = PBXBuildFile; fileRef = B07053E61F220B180099F4AF /* LaunchScreen.storyboard */; };
		B0997A081F222FBF00E0B15A /* demo.gif in Resources */ = {isa = PBXBuildFile; fileRef = B0997A071F222FBF00E0B15A /* demo.gif */; };
		B0997A0A1F2232B700E0B15A /* README.md in Resources */ = {isa = PBXBuildFile; fileRef = B0997A091F2232B700E0B15A /* README.md */; };
/* End PBXBuildFile section */

/* Begin PBXFileReference section */
		B07053DA1F220B180099F4AF /* animatedGrid.app */ = {isa = PBXFileReference; explicitFileType = wrapper.application; includeInIndex = 0; path = animatedGrid.app; sourceTree = BUILT_PRODUCTS_DIR; };
		B07053DD1F220B180099F4AF /* AppDelegate.swift */ = {isa = PBXFileReference; lastKnownFileType = sourcecode.swift; path = AppDelegate.swift; sourceTree = "<group>"; };
		B07053DF1F220B180099F4AF /* ViewController.swift */ = {isa = PBXFileReference; lastKnownFileType = sourcecode.swift; path = ViewController.swift; sourceTree = "<group>"; };
		B07053E21F220B180099F4AF /* Base */ = {isa = PBXFileReference; lastKnownFileType = file.storyboard; name = Base; path = Base.lproj/Main.storyboard; sourceTree = "<group>"; };
		B07053E41F220B180099F4AF /* Assets.xcassets */ = {isa = PBXFileReference; lastKnownFileType = folder.assetcatalog; path = Assets.xcassets; sourceTree = "<group>"; };
		B07053E71F220B180099F4AF /* Base */ = {isa = PBXFileReference; lastKnownFileType = file.storyboard; name = Base; path = Base.lproj/LaunchScreen.storyboard; sourceTree = "<group>"; };
		B07053E91F220B180099F4AF /* Info.plist */ = {isa = PBXFileReference; lastKnownFileType = text.plist.xml; path = Info.plist; sourceTree = "<group>"; };
		B0997A071F222FBF00E0B15A /* demo.gif */ = {isa = PBXFileReference; lastKnownFileType = image.gif; path = demo.gif; sourceTree = "<group>"; };
		B0997A091F2232B700E0B15A /* README.md */ = {isa = PBXFileReference; fileEncoding = 4; lastKnownFileType = net.daringfireball.markdown; path = README.md; sourceTree = "<group>"; };
/* End PBXFileReference section */

/* Begin PBXFrameworksBuildPhase section */
		B07053D71F220B180099F4AF /* Frameworks */ = {
			isa = PBXFrameworksBuildPhase;
			buildActionMask = 2147483647;
			files = (
			);
			runOnlyForDeploymentPostprocessing = 0;
		};
/* End PBXFrameworksBuildPhase section */

/* Begin PBXGroup section */
		B07053D11F220B180099F4AF = {
			isa = PBXGroup;
			children = (
				B0997A091F2232B700E0B15A /* README.md */,
				B07053DC1F220B180099F4AF /* animatedGrid */,
				B07053DB1F220B180099F4AF /* Products */,
			);
			sourceTree = "<group>";
		};
		B07053DB1F220B180099F4AF /* Products */ = {
			isa = PBXGroup;
			children = (
				B07053DA1F220B180099F4AF /* animatedGrid.app */,
			);
			name = Products;
			sourceTree = "<group>";
		};
		B07053DC1F220B180099F4AF /* animatedGrid */ = {
			isa = PBXGroup;
			children = (
				B0997A071F222FBF00E0B15A /* demo.gif */,
				B07053DD1F220B180099F4AF /* AppDelegate.swift */,
				B07053DF1F220B180099F4AF /* ViewController.swift */,
				B07053E11F220B180099F4AF /* Main.storyboard */,
				B07053E41F220B180099F4AF /* Assets.xcassets */,
				B07053E61F220B180099F4AF /* LaunchScreen.storyboard */,
				B07053E91F220B180099F4AF /* Info.plist */,
			);
			path = animatedGrid;
			sourceTree = "<group>";
		};
/* End PBXGroup section */

/* Begin PBXNativeTarget section */
		B07053D91F220B180099F4AF /* animatedGrid */ = {
			isa = PBXNativeTarget;
			buildConfigurationList = B07053EC1F220B180099F4AF /* Build configuration list for PBXNativeTarget "animatedGrid" */;
			buildPhases = (
				B07053D61F220B180099F4AF /* Sources */,
				B07053D71F220B180099F4AF /* Frameworks */,
				B07053D81F220B180099F4AF /* Resources */,
			);
			buildRules = (
			);
			dependencies = (
			);
			name = animatedGrid;
			productName = animatedGrid;
			productReference = B07053DA1F220B180099F4AF /* animatedGrid.app */;
			productType = "com.apple.product-type.application";
		};
/* End PBXNativeTarget section */

/* Begin PBXProject section */
		B07053D21F220B180099F4AF /* Project object */ = {
			isa = PBXProject;
			attributes = {
				LastSwiftUpdateCheck = 0830;
				LastUpgradeCheck = 0830;
				ORGANIZATIONNAME = Tejas;
				TargetAttributes = {
					B07053D91F220B180099F4AF = {
						CreatedOnToolsVersion = 8.3.3;
						DevelopmentTeam = N2THX4MD53;
						ProvisioningStyle = Automatic;
					};
				};
			};
			buildConfigurationList = B07053D51F220B180099F4AF /* Build configuration list for PBXProject "animatedGrid" */;
			compatibilityVersion = "Xcode 3.2";
			developmentRegion = English;
			hasScannedForEncodings = 0;
			knownRegions = (
				en,
				Base,
			);
			mainGroup = B07053D11F220B180099F4AF;
			productRefGroup = B07053DB1F220B180099F4AF /* Products */;
			projectDirPath = "";
			projectRoot = "";
			targets = (
				B07053D91F220B180099F4AF /* animatedGrid */,
			);
		};
/* End PBXProject section */

/* Begin PBXResourcesBuildPhase section */
		B07053D81F220B180099F4AF /* Resources */ = {
			isa = PBXResourcesBuildPhase;
			buildActionMask = 2147483647;
			files = (
				B07053E81F220B180099F4AF /* LaunchScreen.storyboard in Resources */,
				B0997A081F222FBF00E0B15A /* demo.gif in Resources */,
				B07053E51F220B180099F4AF /* Assets.xcassets in Resources */,
				B07053E31F220B180099F4AF /* Main.storyboard in Resources */,
				B0997A0A1F2232B700E0B15A /* README.md in Resources */,
			);
			runOnlyForDeploymentPostprocessing = 0;
		};
/* End PBXResourcesBuildPhase section */

/* Begin PBXSourcesBuildPhase section */
		B07053D61F220B180099F4AF /* Sources */ = {
			isa = PBXSourcesBuildPhase;
			buildActionMask = 2147483647;
			files = (
				B07053E01F220B180099F4AF /* ViewController.swift in Sources */,
				B07053DE1F220B180099F4AF /* AppDelegate.swift in Sources */,
			);
			runOnlyForDeploymentPostprocessing = 0;
		};
/* End PBXSourcesBuildPhase section */

/* Begin PBXVariantGroup section */
		B07053E11F220B180099F4AF /* Main.storyboard */ = {
			isa = PBXVariantGroup;
			children = (
				B07053E21F220B180099F4AF /* Base */,
			);
			name = Main.storyboard;
			sourceTree = "<group>";
		};
		B07053E61F220B180099F4AF /* LaunchScreen.storyboard */ = {
			isa = PBXVariantGroup;
			children = (
				B07053E71F220B180099F4AF /* Base */,
			);
			name = LaunchScreen.storyboard;
			sourceTree = "<group>";
		};
/* End PBXVariantGroup section */

/* Begin XCBuildConfiguration section */
		B07053EA1F220B180099F4AF /* Debug */ = {
			isa = XCBuildConfiguration;
			buildSettings = {
				ALWAYS_SEARCH_USER_PATHS = NO;
				CLANG_ANALYZER_NONNULL = YES;
				CLANG_ANALYZER_NUMBER_OBJECT_CONVERSION = YES_AGGRESSIVE;
				CLANG_CXX_LANGUAGE_STANDARD = "gnu++0x";
				CLANG_CXX_LIBRARY = "libc++";
				CLANG_ENABLE_MODULES = YES;
				CLANG_ENABLE_OBJC_ARC = YES;
				CLANG_WARN_BOOL_CONVERSION = YES;
				CLANG_WARN_CONSTANT_CONVERSION = YES;
				CLANG_WARN_DIRECT_OBJC_ISA_USAGE = YES_ERROR;
				CLANG_WARN_DOCUMENTATION_COMMENTS = YES;
				CLANG_WARN_EMPTY_BODY = YES;
				CLANG_WARN_ENUM_CONVERSION = YES;
				CLANG_WARN_INFINITE_RECURSION = YES;
				CLANG_WARN_INT_CONVERSION = YES;
				CLANG_WARN_OBJC_ROOT_CLASS = YES_ERROR;
				CLANG_WARN_SUSPICIOUS_MOVE = YES;
				CLANG_WARN_UNREACHABLE_CODE = YES;
				CLANG_WARN__DUPLICATE_METHOD_MATCH = YES;
				"CODE_SIGN_IDENTITY[sdk=iphoneos*]" = "iPhone Developer";
				COPY_PHASE_STRIP = NO;
				DEBUG_INFORMATION_FORMAT = dwarf;
				ENABLE_STRICT_OBJC_MSGSEND = YES;
				ENABLE_TESTABILITY = YES;
				GCC_C_LANGUAGE_STANDARD = gnu99;
				GCC_DYNAMIC_NO_PIC = NO;
				GCC_NO_COMMON_BLOCKS = YES;
				GCC_OPTIMIZATION_LEVEL = 0;
				GCC_PREPROCESSOR_DEFINITIONS = (
					"DEBUG=1",
					"$(inherited)",
				);
				GCC_WARN_64_TO_32_BIT_CONVERSION = YES;
				GCC_WARN_ABOUT_RETURN_TYPE = YES_ERROR;
				GCC_WARN_UNDECLARED_SELECTOR = YES;
				GCC_WARN_UNINITIALIZED_AUTOS = YES_AGGRESSIVE;
				GCC_WARN_UNUSED_FUNCTION = YES;
				GCC_WARN_UNUSED_VARIABLE = YES;
				IPHONEOS_DEPLOYMENT_TARGET = 10.3;
				MTL_ENABLE_DEBUG_INFO = YES;
				ONLY_ACTIVE_ARCH = YES;
				SDKROOT = iphoneos;
				SWIFT_ACTIVE_COMPILATION_CONDITIONS = DEBUG;
				SWIFT_OPTIMIZATION_LEVEL = "-Onone";
			};
			name = Debug;
		};
		B07053EB1F220B180099F4AF /* Release */ = {
			isa = XCBuildConfiguration;
			buildSettings = {
				ALWAYS_SEARCH_USER_PATHS = NO;
				CLANG_ANALYZER_NONNULL = YES;
				CLANG_ANALYZER_NUMBER_OBJECT_CONVERSION = YES_AGGRESSIVE;
				CLANG_CXX_LANGUAGE_STANDARD = "gnu++0x";
				CLANG_CXX_LIBRARY = "libc++";
				CLANG_ENABLE_MODULES = YES;
				CLANG_ENABLE_OBJC_ARC = YES;
				CLANG_WARN_BOOL_CONVERSION = YES;
				CLANG_WARN_CONSTANT_CONVERSION = YES;
				CLANG_WARN_DIRECT_OBJC_ISA_USAGE = YES_ERROR;
				CLANG_WARN_DOCUMENTATION_COMMENTS = YES;
				CLANG_WARN_EMPTY_BODY = YES;
				CLANG_WARN_ENUM_CONVERSION = YES;
				CLANG_WARN_INFINITE_RECURSION = YES;
				CLANG_WARN_INT_CONVERSION = YES;
				CLANG_WARN_OBJC_ROOT_CLASS = YES_ERROR;
				CLANG_WARN_SUSPICIOUS_MOVE = YES;
				CLANG_WARN_UNREACHABLE_CODE = YES;
				CLANG_WARN__DUPLICATE_METHOD_MATCH = YES;
				"CODE_SIGN_IDENTITY[sdk=iphoneos*]" = "iPhone Developer";
				COPY_PHASE_STRIP = NO;
				DEBUG_INFORMATION_FORMAT = "dwarf-with-dsym";
				ENABLE_NS_ASSERTIONS = NO;
				ENABLE_STRICT_OBJC_MSGSEND = YES;
				GCC_C_LANGUAGE_STANDARD = gnu99;
				GCC_NO_COMMON_BLOCKS = YES;
				GCC_WARN_64_TO_32_BIT_CONVERSION = YES;
				GCC_WARN_ABOUT_RETURN_TYPE = YES_ERROR;
				GCC_WARN_UNDECLARED_SELECTOR = YES;
				GCC_WARN_UNINITIALIZED_AUTOS = YES_AGGRESSIVE;
				GCC_WARN_UNUSED_FUNCTION = YES;
				GCC_WARN_UNUSED_VARIABLE = YES;
				IPHONEOS_DEPLOYMENT_TARGET = 10.3;
				MTL_ENABLE_DEBUG_INFO = NO;
				SDKROOT = iphoneos;
				SWIFT_OPTIMIZATION_LEVEL = "-Owholemodule";
				VALIDATE_PRODUCT = YES;
			};
			name = Release;
		};
		B07053ED1F220B180099F4AF /* Debug */ = {
			isa = XCBuildConfiguration;
			buildSettings = {
				ASSETCATALOG_COMPILER_APPICON_NAME = AppIcon;
				DEVELOPMENT_TEAM = N2THX4MD53;
				INFOPLIST_FILE = animatedGrid/Info.plist;
				LD_RUNPATH_SEARCH_PATHS = "$(inherited) @executable_path/Frameworks";
				PRODUCT_BUNDLE_IDENTIFIER = com.tejas.animatedGrid;
				PRODUCT_NAME = "$(TARGET_NAME)";
				SWIFT_VERSION = 3.0;
			};
			name = Debug;
		};
		B07053EE1F220B180099F4AF /* Release */ = {
			isa = XCBuildConfiguration;
			buildSettings = {
				ASSETCATALOG_COMPILER_APPICON_NAME = AppIcon;
				DEVELOPMENT_TEAM = N2THX4MD53;
				INFOPLIST_FILE = animatedGrid/Info.plist;
				LD_RUNPATH_SEARCH_PATHS = "$(inherited) @executable_path/Frameworks";
				PRODUCT_BUNDLE_IDENTIFIER = com.tejas.animatedGrid;
				PRODUCT_NAME = "$(TARGET_NAME)";
				SWIFT_VERSION = 3.0;
			};
			name = Release;
		};
/* End XCBuildConfiguration section */

/* Begin XCConfigurationList section */
		B07053D51F220B180099F4AF /* Build configuration list for PBXProject "animatedGrid" */ = {
			isa = XCConfigurationList;
			buildConfigurations = (
				B07053EA1F220B180099F4AF /* Debug */,
				B07053EB1F220B180099F4AF /* Release */,
			);
			defaultConfigurationIsVisible = 0;
			defaultConfigurationName = Release;
		};
		B07053EC1F220B180099F4AF /* Build configuration list for PBXNativeTarget "animatedGrid" */ = {
			isa = XCConfigurationList;
			buildConfigurations = (
				B07053ED1F220B180099F4AF /* Debug */,
				B07053EE1F220B180099F4AF /* Release */,
			);
			defaultConfigurationIsVisible = 0;
			defaultConfigurationName = Release;
		};
/* End XCConfigurationList section */
	};
	rootObject = B07053D21F220B180099F4AF /* Project object */;
}
